
Microsoft Visual Studio Solution File, Format Version 12.00
# Visual Studio 15
VisualStudioVersion = 15.0.28307.168
MinimumVisualStudioVersion = 10.0.40219.1
Project("{9A19103F-16F7-4668-BE54-9A1E7A4F7556}") = "Sender.TCP", "Sender.TCP\Sender.TCP.csproj", "{895F79C4-33F3-4F64-9101-9E84773522F6}"
EndProject
Project("{9A19103F-16F7-4668-BE54-9A1E7A4F7556}") = "Sender.Domain", "Sender.Domain\Sender.Domain.csproj", "{1C9AE2EF-C227-4A3A-B432-3C3AA59A1B29}"
EndProject
Project("{9A19103F-16F7-4668-BE54-9A1E7A4F7556}") = "App", "App\App.csproj", "{D65E5502-2A61-4482-AC34-1263A9550127}"
EndProject
Project("{FAE04EC0-301F-11D3-BF4B-00C04F79EFBC}") = "Sender.AutoOn", "Sender.AutoOn\Sender.AutoOn.csproj", "{FA26CF35-922B-4C4C-9B15-B9DFD87729CB}"
EndProject
Global
	GlobalSection(SolutionConfigurationPlatforms) = preSolution
		Debug|Any CPU = Debug|Any CPU
		Release|Any CPU = Release|Any CPU
	EndGlobalSection
	GlobalSection(ProjectConfigurationPlatforms) = postSolution
		{895F79C4-33F3-4F64-9101-9E84773522F6}.Debug|Any CPU.ActiveCfg = Debug|Any CPU
		{895F79C4-33F3-4F64-9101-9E84773522F6}.Debug|Any CPU.Build.0 = Debug|Any CPU
		{895F79C4-33F3-4F64-9101-9E84773522F6}.Release|Any CPU.ActiveCfg = Release|Any CPU
		{895F79C4-33F3-4F64-9101-9E84773522F6}.Release|Any CPU.Build.0 = Release|Any CPU
		{1C9AE2EF-C227-4A3A-B432-3C3AA59A1B29}.Debug|Any CPU.ActiveCfg = Debug|Any CPU
		{1C9AE2EF-C227-4A3A-B432-3C3AA59A1B29}.Debug|Any CPU.Build.0 = Debug|Any CPU
		{1C9AE2EF-C227-4A3A-B432-3C3AA59A1B29}.Release|Any CPU.ActiveCfg = Release|Any CPU
		{1C9AE2EF-C227-4A3A-B432-3C3AA59A1B29}.Release|Any CPU.Build.0 = Release|Any CPU
		{D65E5502-2A61-4482-AC34-1263A9550127}.Debug|Any CPU.ActiveCfg = Debug|Any CPU
		{D65E5502-2A61-4482-AC34-1263A9550127}.Debug|Any CPU.Build.0 = Debug|Any CPU
		{D65E5502-2A61-4482-AC34-1263A9550127}.Release|Any CPU.ActiveCfg = Release|Any CPU
		{D65E5502-2A61-4482-AC34-1263A9550127}.Release|Any CPU.Build.0 = Release|Any CPU
		{FA26CF35-922B-4C4C-9B15-B9DFD87729CB}.Debug|Any CPU.ActiveCfg = Debug|Any CPU
		{FA26CF35-922B-4C4C-9B15-B9DFD87729CB}.Debug|Any CPU.Build.0 = Debug|Any CPU
		{FA26CF35-922B-4C4C-9B15-B9DFD87729CB}.Release|Any CPU.ActiveCfg = Release|Any CPU
		{FA26CF35-922B-4C4C-9B15-B9DFD87729CB}.Release|Any CPU.Build.0 = Release|Any CPU
	EndGlobalSection
	GlobalSection(SolutionProperties) = preSolution
		HideSolutionNode = FALSE
	EndGlobalSection
	GlobalSection(ExtensibilityGlobals) = postSolution
		SolutionGuid = {45F61A9B-DEBC-40DE-8051-AF2E03FD7ACB}
	EndGlobalSection
EndGlobal
