
Microsoft Visual Studio Solution File, Format Version 12.00
# Visual Studio 15
VisualStudioVersion = 15.0.28307.168
MinimumVisualStudioVersion = 10.0.40219.1
Project("{FAE04EC0-301F-11D3-BF4B-00C04F79EFBC}") = "App", "Sender_2\App.csproj", "{7631284D-C22D-4EE8-A2E0-BCA4DC6878CB}"
EndProject
Project("{FAE04EC0-301F-11D3-BF4B-00C04F79EFBC}") = "Sender.Domain", "Sender.Domain\Sender.Domain.csproj", "{809E96FD-8817-4956-A463-346CB3E40180}"
EndProject
Project("{FAE04EC0-301F-11D3-BF4B-00C04F79EFBC}") = "Sender.TCP", "Sender.TCP\Sender.TCP.csproj", "{092E0387-DACB-487C-AF98-E02B980FDC82}"
EndProject
Project("{FAE04EC0-301F-11D3-BF4B-00C04F79EFBC}") = "Sender.AutoOn", "AutoOn\Sender.AutoOn.csproj", "{6127F7F9-B9BF-4C06-BAFB-FD7E7B7E755D}"
EndProject
Global
	GlobalSection(SolutionConfigurationPlatforms) = preSolution
		Debug|Any CPU = Debug|Any CPU
		Release|Any CPU = Release|Any CPU
	EndGlobalSection
	GlobalSection(ProjectConfigurationPlatforms) = postSolution
		{7631284D-C22D-4EE8-A2E0-BCA4DC6878CB}.Debug|Any CPU.ActiveCfg = Debug|Any CPU
		{7631284D-C22D-4EE8-A2E0-BCA4DC6878CB}.Debug|Any CPU.Build.0 = Debug|Any CPU
		{7631284D-C22D-4EE8-A2E0-BCA4DC6878CB}.Release|Any CPU.ActiveCfg = Release|Any CPU
		{7631284D-C22D-4EE8-A2E0-BCA4DC6878CB}.Release|Any CPU.Build.0 = Release|Any CPU
		{809E96FD-8817-4956-A463-346CB3E40180}.Debug|Any CPU.ActiveCfg = Debug|Any CPU
		{809E96FD-8817-4956-A463-346CB3E40180}.Debug|Any CPU.Build.0 = Debug|Any CPU
		{809E96FD-8817-4956-A463-346CB3E40180}.Release|Any CPU.ActiveCfg = Release|Any CPU
		{809E96FD-8817-4956-A463-346CB3E40180}.Release|Any CPU.Build.0 = Release|Any CPU
		{092E0387-DACB-487C-AF98-E02B980FDC82}.Debug|Any CPU.ActiveCfg = Debug|Any CPU
		{092E0387-DACB-487C-AF98-E02B980FDC82}.Debug|Any CPU.Build.0 = Debug|Any CPU
		{092E0387-DACB-487C-AF98-E02B980FDC82}.Release|Any CPU.ActiveCfg = Release|Any CPU
		{092E0387-DACB-487C-AF98-E02B980FDC82}.Release|Any CPU.Build.0 = Release|Any CPU
		{6127F7F9-B9BF-4C06-BAFB-FD7E7B7E755D}.Debug|Any CPU.ActiveCfg = Debug|Any CPU
		{6127F7F9-B9BF-4C06-BAFB-FD7E7B7E755D}.Debug|Any CPU.Build.0 = Debug|Any CPU
		{6127F7F9-B9BF-4C06-BAFB-FD7E7B7E755D}.Release|Any CPU.ActiveCfg = Release|Any CPU
		{6127F7F9-B9BF-4C06-BAFB-FD7E7B7E755D}.Release|Any CPU.Build.0 = Release|Any CPU
	EndGlobalSection
	GlobalSection(SolutionProperties) = preSolution
		HideSolutionNode = FALSE
	EndGlobalSection
	GlobalSection(ExtensibilityGlobals) = postSolution
		SolutionGuid = {493CD1D7-6D7D-4F28-AAB6-C34E765B6D5A}
	EndGlobalSection
EndGlobal
